PODS:
  - GoogleMaps (6.2.0):
    - GoogleMaps/Maps (= 6.2.0)
  - GoogleMaps/Base (6.2.0)
  - GoogleMaps/Maps (6.2.0):
    - GoogleMaps/Base

DEPENDENCIES:
  - GoogleMaps

SPEC REPOS:
  trunk:
    - GoogleMaps

SPEC CHECKSUMS:
  GoogleMaps: c1b9de14cecc940b2d334dd4e6dfa116bff4a40e

PODFILE CHECKSUM: ba5c1892d1ad14a7548b58477cdfd5cd8ee6e2a8

COCOAPODS: 1.11.3
