// !$*UTF8*$!
{
	archiveVersion = 1;
	classes = {
	};
	objectVersion = 55;
	objects = {

/* Begin PBXBuildFile section */
		4D3524A9288A95C300EDF0E9 /* AppDelegate.swift in Sources */ = {isa = PBXBuildFile; fileRef = 4D3524A8288A95C300EDF0E9 /* AppDelegate.swift */; };
		4D3524AB288A95C300EDF0E9 /* SceneDelegate.swift in Sources */ = {isa = PBXBuildFile; fileRef = 4D3524AA288A95C300EDF0E9 /* SceneDelegate.swift */; };
		4D3524AD288A95C300EDF0E9 /* MainViewController.swift in Sources */ = {isa = PBXBuildFile; fileRef = 4D3524AC288A95C300EDF0E9 /* MainViewController.swift */; };
		4D3524B0288A95C300EDF0E9 /* Main.storyboard in Resources */ = {isa = PBXBuildFile; fileRef = 4D3524AE288A95C300EDF0E9 /* Main.storyboard */; };
		4D3524B2288A95C500EDF0E9 /* Assets.xcassets in Resources */ = {isa = PBXBuildFile; fileRef = 4D3524B1288A95C500EDF0E9 /* Assets.xcassets */; };
		4D3524B5288A95C500EDF0E9 /* LaunchScreen.storyboard in Resources */ = {isa = PBXBuildFile; fileRef = 4D3524B3288A95C500EDF0E9 /* LaunchScreen.storyboard */; };
		4D3524C3288A9B7D00EDF0E9 /* WeatherManager.swift in Sources */ = {isa = PBXBuildFile; fileRef = 4D3524C2288A9B7D00EDF0E9 /* WeatherManager.swift */; };
		4D3524C5288A9BE000EDF0E9 /* APIManager.swift in Sources */ = {isa = PBXBuildFile; fileRef = 4D3524C4288A9BE000EDF0E9 /* APIManager.swift */; };
		4D3524C7288A9D1700EDF0E9 /* MainViewController+Extension.swift in Sources */ = {isa = PBXBuildFile; fileRef = 4D3524C6288A9D1700EDF0E9 /* MainViewController+Extension.swift */; };
		4D3524CA288A9D7A00EDF0E9 /* HourlyCollectionViewCell.swift in Sources */ = {isa = PBXBuildFile; fileRef = 4D3524C8288A9D7A00EDF0E9 /* HourlyCollectionViewCell.swift */; };
		4D3524CB288A9D7A00EDF0E9 /* HourlyCollectionViewCell.xib in Resources */ = {isa = PBXBuildFile; fileRef = 4D3524C9288A9D7A00EDF0E9 /* HourlyCollectionViewCell.xib */; };
		4D3524CD288A9DEE00EDF0E9 /* Int+Extension.swift in Sources */ = {isa = PBXBuildFile; fileRef = 4D3524CC288A9DEE00EDF0E9 /* Int+Extension.swift */; };
		4D3524D0288A9E2E00EDF0E9 /* MainHourlyTableViewCell.swift in Sources */ = {isa = PBXBuildFile; fileRef = 4D3524CE288A9E2E00EDF0E9 /* MainHourlyTableViewCell.swift */; };
		4D3524D1288A9E2E00EDF0E9 /* MainHourlyTableViewCell.xib in Resources */ = {isa = PBXBuildFile; fileRef = 4D3524CF288A9E2E00EDF0E9 /* MainHourlyTableViewCell.xib */; };
		4DB046C0288AA0A700583567 /* SnapKit in Frameworks */ = {isa = PBXBuildFile; productRef = 4DB046BF288AA0A700583567 /* SnapKit */; };
		4DBE8517288FE38800814A19 /* DailyWeatherModel.swift in Sources */ = {isa = PBXBuildFile; fileRef = 4DBE8513288FE38800814A19 /* DailyWeatherModel.swift */; };
		4DBE8518288FE38800814A19 /* HourlyWeatherModel.swift in Sources */ = {isa = PBXBuildFile; fileRef = 4DBE8514288FE38800814A19 /* HourlyWeatherModel.swift */; };
		4DBE8519288FE38800814A19 /* GeocodingModel.swift in Sources */ = {isa = PBXBuildFile; fileRef = 4DBE8515288FE38800814A19 /* GeocodingModel.swift */; };
		4DBE851A288FE38800814A19 /* GeneralWeatherModel.swift in Sources */ = {isa = PBXBuildFile; fileRef = 4DBE8516288FE38800814A19 /* GeneralWeatherModel.swift */; };
		4DBE8523288FE52900814A19 /* DailyTableViewCell.swift in Sources */ = {isa = PBXBuildFile; fileRef = 4DBE8521288FE52900814A19 /* DailyTableViewCell.swift */; };
		4DBE8524288FE52900814A19 /* DailyTableViewCell.xib in Resources */ = {isa = PBXBuildFile; fileRef = 4DBE8522288FE52900814A19 /* DailyTableViewCell.xib */; };
		4DBE8529288FE6B300814A19 /* MainDailyTableViewCell.swift in Sources */ = {isa = PBXBuildFile; fileRef = 4DBE8527288FE6B300814A19 /* MainDailyTableViewCell.swift */; };
		4DBE852A288FE6B300814A19 /* MainDailyTableViewCell.xib in Resources */ = {isa = PBXBuildFile; fileRef = 4DBE8528288FE6B300814A19 /* MainDailyTableViewCell.xib */; };
		4DBE852F2890131500814A19 /* MainCurrentWeatherTableViewCell.swift in Sources */ = {isa = PBXBuildFile; fileRef = 4DBE852D2890131500814A19 /* MainCurrentWeatherTableViewCell.swift */; };
		4DBE85302890131500814A19 /* MainCurrentWeatherTableViewCell.xib in Resources */ = {isa = PBXBuildFile; fileRef = 4DBE852E2890131500814A19 /* MainCurrentWeatherTableViewCell.xib */; };
/* End PBXBuildFile section */

/* Begin PBXFileReference section */
		4D3524A5288A95C300EDF0E9 /* EldarWeatherApp.app */ = {isa = PBXFileReference; explicitFileType = wrapper.application; includeInIndex = 0; path = EldarWeatherApp.app; sourceTree = BUILT_PRODUCTS_DIR; };
		4D3524A8288A95C300EDF0E9 /* AppDelegate.swift */ = {isa = PBXFileReference; lastKnownFileType = sourcecode.swift; path = AppDelegate.swift; sourceTree = "<group>"; };
		4D3524AA288A95C300EDF0E9 /* SceneDelegate.swift */ = {isa = PBXFileReference; lastKnownFileType = sourcecode.swift; path = SceneDelegate.swift; sourceTree = "<group>"; };
		4D3524AC288A95C300EDF0E9 /* MainViewController.swift */ = {isa = PBXFileReference; lastKnownFileType = sourcecode.swift; path = MainViewController.swift; sourceTree = "<group>"; };
		4D3524AF288A95C300EDF0E9 /* Base */ = {isa = PBXFileReference; lastKnownFileType = file.storyboard; name = Base; path = Base.lproj/Main.storyboard; sourceTree = "<group>"; };
		4D3524B1288A95C500EDF0E9 /* Assets.xcassets */ = {isa = PBXFileReference; lastKnownFileType = folder.assetcatalog; path = Assets.xcassets; sourceTree = "<group>"; };
		4D3524B4288A95C500EDF0E9 /* Base */ = {isa = PBXFileReference; lastKnownFileType = file.storyboard; name = Base; path = Base.lproj/LaunchScreen.storyboard; sourceTree = "<group>"; };
		4D3524B6288A95C500EDF0E9 /* Info.plist */ = {isa = PBXFileReference; lastKnownFileType = text.plist.xml; path = Info.plist; sourceTree = "<group>"; };
		4D3524C2288A9B7D00EDF0E9 /* WeatherManager.swift */ = {isa = PBXFileReference; lastKnownFileType = sourcecode.swift; path = WeatherManager.swift; sourceTree = "<group>"; };
		4D3524C4288A9BE000EDF0E9 /* APIManager.swift */ = {isa = PBXFileReference; lastKnownFileType = sourcecode.swift; path = APIManager.swift; sourceTree = "<group>"; };
		4D3524C6288A9D1700EDF0E9 /* MainViewController+Extension.swift */ = {isa = PBXFileReference; lastKnownFileType = sourcecode.swift; path = "MainViewController+Extension.swift"; sourceTree = "<group>"; };
		4D3524C8288A9D7A00EDF0E9 /* HourlyCollectionViewCell.swift */ = {isa = PBXFileReference; lastKnownFileType = sourcecode.swift; path = HourlyCollectionViewCell.swift; sourceTree = "<group>"; };
		4D3524C9288A9D7A00EDF0E9 /* HourlyCollectionViewCell.xib */ = {isa = PBXFileReference; lastKnownFileType = file.xib; path = HourlyCollectionViewCell.xib; sourceTree = "<group>"; };
		4D3524CC288A9DEE00EDF0E9 /* Int+Extension.swift */ = {isa = PBXFileReference; lastKnownFileType = sourcecode.swift; path = "Int+Extension.swift"; sourceTree = "<group>"; };
		4D3524CE288A9E2E00EDF0E9 /* MainHourlyTableViewCell.swift */ = {isa = PBXFileReference; lastKnownFileType = sourcecode.swift; path = MainHourlyTableViewCell.swift; sourceTree = "<group>"; };
		4D3524CF288A9E2E00EDF0E9 /* MainHourlyTableViewCell.xib */ = {isa = PBXFileReference; lastKnownFileType = file.xib; path = MainHourlyTableViewCell.xib; sourceTree = "<group>"; };
		4DBE8513288FE38800814A19 /* DailyWeatherModel.swift */ = {isa = PBXFileReference; fileEncoding = 4; lastKnownFileType = sourcecode.swift; path = DailyWeatherModel.swift; sourceTree = "<group>"; };
		4DBE8514288FE38800814A19 /* HourlyWeatherModel.swift */ = {isa = PBXFileReference; fileEncoding = 4; lastKnownFileType = sourcecode.swift; path = HourlyWeatherModel.swift; sourceTree = "<group>"; };
		4DBE8515288FE38800814A19 /* GeocodingModel.swift */ = {isa = PBXFileReference; fileEncoding = 4; lastKnownFileType = sourcecode.swift; path = GeocodingModel.swift; sourceTree = "<group>"; };
		4DBE8516288FE38800814A19 /* GeneralWeatherModel.swift */ = {isa = PBXFileReference; fileEncoding = 4; lastKnownFileType = sourcecode.swift; path = GeneralWeatherModel.swift; sourceTree = "<group>"; };
		4DBE8521288FE52900814A19 /* DailyTableViewCell.swift */ = {isa = PBXFileReference; lastKnownFileType = sourcecode.swift; path = DailyTableViewCell.swift; sourceTree = "<group>"; };
		4DBE8522288FE52900814A19 /* DailyTableViewCell.xib */ = {isa = PBXFileReference; lastKnownFileType = file.xib; path = DailyTableViewCell.xib; sourceTree = "<group>"; };
		4DBE8527288FE6B300814A19 /* MainDailyTableViewCell.swift */ = {isa = PBXFileReference; lastKnownFileType = sourcecode.swift; path = MainDailyTableViewCell.swift; sourceTree = "<group>"; };
		4DBE8528288FE6B300814A19 /* MainDailyTableViewCell.xib */ = {isa = PBXFileReference; lastKnownFileType = file.xib; path = MainDailyTableViewCell.xib; sourceTree = "<group>"; };
		4DBE852D2890131500814A19 /* MainCurrentWeatherTableViewCell.swift */ = {isa = PBXFileReference; lastKnownFileType = sourcecode.swift; path = MainCurrentWeatherTableViewCell.swift; sourceTree = "<group>"; };
		4DBE852E2890131500814A19 /* MainCurrentWeatherTableViewCell.xib */ = {isa = PBXFileReference; lastKnownFileType = file.xib; path = MainCurrentWeatherTableViewCell.xib; sourceTree = "<group>"; };
/* End PBXFileReference section */

/* Begin PBXFrameworksBuildPhase section */
		4D3524A2288A95C300EDF0E9 /* Frameworks */ = {
			isa = PBXFrameworksBuildPhase;
			buildActionMask = 2147483647;
			files = (
				4DB046C0288AA0A700583567 /* SnapKit in Frameworks */,
			);
			runOnlyForDeploymentPostprocessing = 0;
		};
/* End PBXFrameworksBuildPhase section */

/* Begin PBXGroup section */
		4D35249C288A95C300EDF0E9 = {
			isa = PBXGroup;
			children = (
				4D3524A7288A95C300EDF0E9 /* EldarWeatherApp */,
				4D3524A6288A95C300EDF0E9 /* Products */,
			);
			sourceTree = "<group>";
		};
		4D3524A6288A95C300EDF0E9 /* Products */ = {
			isa = PBXGroup;
			children = (
				4D3524A5288A95C300EDF0E9 /* EldarWeatherApp.app */,
			);
			name = Products;
			sourceTree = "<group>";
		};
		4D3524A7288A95C300EDF0E9 /* EldarWeatherApp */ = {
			isa = PBXGroup;
			children = (
				4D3524A8288A95C300EDF0E9 /* AppDelegate.swift */,
				4D3524AA288A95C300EDF0E9 /* SceneDelegate.swift */,
				4DBE850C288FE27100814A19 /* ViewControllers */,
				4DBE850D288FE28500814A19 /* Extensions */,
				4DBE850E288FE2AA00814A19 /* Cells */,
				4DBE851D288FE3B100814A19 /* Managers */,
				4DBE851B288FE39900814A19 /* Models */,
				4DBE851E288FE3DC00814A19 /* Storyboards */,
				4D3524B1288A95C500EDF0E9 /* Assets.xcassets */,
				4D3524B3288A95C500EDF0E9 /* LaunchScreen.storyboard */,
				4D3524B6288A95C500EDF0E9 /* Info.plist */,
			);
			path = EldarWeatherApp;
			sourceTree = "<group>";
		};
		4DBE850C288FE27100814A19 /* ViewControllers */ = {
			isa = PBXGroup;
			children = (
				4D3524AC288A95C300EDF0E9 /* MainViewController.swift */,
			);
			path = ViewControllers;
			sourceTree = "<group>";
		};
		4DBE850D288FE28500814A19 /* Extensions */ = {
			isa = PBXGroup;
			children = (
				4D3524C6288A9D1700EDF0E9 /* MainViewController+Extension.swift */,
				4D3524CC288A9DEE00EDF0E9 /* Int+Extension.swift */,
			);
			path = Extensions;
			sourceTree = "<group>";
		};
		4DBE850E288FE2AA00814A19 /* Cells */ = {
			isa = PBXGroup;
			children = (
				4DBE850F288FE2CA00814A19 /* MainTableViewCells */,
			);
			path = Cells;
			sourceTree = "<group>";
		};
		4DBE850F288FE2CA00814A19 /* MainTableViewCells */ = {
			isa = PBXGroup;
			children = (
				4DBE8510288FE2E500814A19 /* HourlyCollectionView */,
				4DBE8526288FE67800814A19 /* MainHourlyTableViewSection */,
				4DBE8525288FE53000814A19 /* DailyTableview */,
				4DBE852C288FE6E900814A19 /* MainDailyTableViewSection */,
				4DBE852D2890131500814A19 /* MainCurrentWeatherTableViewCell.swift */,
				4DBE852E2890131500814A19 /* MainCurrentWeatherTableViewCell.xib */,
			);
			path = MainTableViewCells;
			sourceTree = "<group>";
		};
		4DBE8510288FE2E500814A19 /* HourlyCollectionView */ = {
			isa = PBXGroup;
			children = (
				4D3524C8288A9D7A00EDF0E9 /* HourlyCollectionViewCell.swift */,
				4D3524C9288A9D7A00EDF0E9 /* HourlyCollectionViewCell.xib */,
			);
			path = HourlyCollectionView;
			sourceTree = "<group>";
		};
		4DBE851B288FE39900814A19 /* Models */ = {
			isa = PBXGroup;
			children = (
				4DBE8513288FE38800814A19 /* DailyWeatherModel.swift */,
				4DBE8516288FE38800814A19 /* GeneralWeatherModel.swift */,
				4DBE8515288FE38800814A19 /* GeocodingModel.swift */,
				4DBE8514288FE38800814A19 /* HourlyWeatherModel.swift */,
			);
			path = Models;
			sourceTree = "<group>";
		};
		4DBE851D288FE3B100814A19 /* Managers */ = {
			isa = PBXGroup;
			children = (
				4D3524C2288A9B7D00EDF0E9 /* WeatherManager.swift */,
				4D3524C4288A9BE000EDF0E9 /* APIManager.swift */,
			);
			path = Managers;
			sourceTree = "<group>";
		};
		4DBE851E288FE3DC00814A19 /* Storyboards */ = {
			isa = PBXGroup;
			children = (
				4D3524AE288A95C300EDF0E9 /* Main.storyboard */,
			);
			path = Storyboards;
			sourceTree = "<group>";
		};
		4DBE8525288FE53000814A19 /* DailyTableview */ = {
			isa = PBXGroup;
			children = (
				4DBE8521288FE52900814A19 /* DailyTableViewCell.swift */,
				4DBE8522288FE52900814A19 /* DailyTableViewCell.xib */,
			);
			path = DailyTableview;
			sourceTree = "<group>";
		};
		4DBE8526288FE67800814A19 /* MainHourlyTableViewSection */ = {
			isa = PBXGroup;
			children = (
				4D3524CE288A9E2E00EDF0E9 /* MainHourlyTableViewCell.swift */,
				4D3524CF288A9E2E00EDF0E9 /* MainHourlyTableViewCell.xib */,
			);
			path = MainHourlyTableViewSection;
			sourceTree = "<group>";
		};
		4DBE852C288FE6E900814A19 /* MainDailyTableViewSection */ = {
			isa = PBXGroup;
			children = (
				4DBE8527288FE6B300814A19 /* MainDailyTableViewCell.swift */,
				4DBE8528288FE6B300814A19 /* MainDailyTableViewCell.xib */,
			);
			path = MainDailyTableViewSection;
			sourceTree = "<group>";
		};
/* End PBXGroup section */

/* Begin PBXNativeTarget section */
		4D3524A4288A95C300EDF0E9 /* EldarWeatherApp */ = {
			isa = PBXNativeTarget;
			buildConfigurationList = 4D3524B9288A95C500EDF0E9 /* Build configuration list for PBXNativeTarget "EldarWeatherApp" */;
			buildPhases = (
				4D3524A1288A95C300EDF0E9 /* Sources */,
				4D3524A2288A95C300EDF0E9 /* Frameworks */,
				4D3524A3288A95C300EDF0E9 /* Resources */,
			);
			buildRules = (
			);
			dependencies = (
			);
			name = EldarWeatherApp;
			packageProductDependencies = (
				4DB046BF288AA0A700583567 /* SnapKit */,
			);
			productName = EldarWeatherApp;
			productReference = 4D3524A5288A95C300EDF0E9 /* EldarWeatherApp.app */;
			productType = "com.apple.product-type.application";
		};
/* End PBXNativeTarget section */

/* Begin PBXProject section */
		4D35249D288A95C300EDF0E9 /* Project object */ = {
			isa = PBXProject;
			attributes = {
				BuildIndependentTargetsInParallel = 1;
				LastSwiftUpdateCheck = 1340;
				LastUpgradeCheck = 1340;
				TargetAttributes = {
					4D3524A4288A95C300EDF0E9 = {
						CreatedOnToolsVersion = 13.4;
					};
				};
			};
			buildConfigurationList = 4D3524A0288A95C300EDF0E9 /* Build configuration list for PBXProject "EldarWeatherApp" */;
			compatibilityVersion = "Xcode 13.0";
			developmentRegion = en;
			hasScannedForEncodings = 0;
			knownRegions = (
				en,
				Base,
			);
			mainGroup = 4D35249C288A95C300EDF0E9;
			packageReferences = (
				4DB046BE288AA0A700583567 /* XCRemoteSwiftPackageReference "SnapKit" */,
			);
			productRefGroup = 4D3524A6288A95C300EDF0E9 /* Products */;
			projectDirPath = "";
			projectRoot = "";
			targets = (
				4D3524A4288A95C300EDF0E9 /* EldarWeatherApp */,
			);
		};
/* End PBXProject section */

/* Begin PBXResourcesBuildPhase section */
		4D3524A3288A95C300EDF0E9 /* Resources */ = {
			isa = PBXResourcesBuildPhase;
			buildActionMask = 2147483647;
			files = (
				4D3524D1288A9E2E00EDF0E9 /* MainHourlyTableViewCell.xib in Resources */,
				4D3524B5288A95C500EDF0E9 /* LaunchScreen.storyboard in Resources */,
				4D3524B2288A95C500EDF0E9 /* Assets.xcassets in Resources */,
				4DBE852A288FE6B300814A19 /* MainDailyTableViewCell.xib in Resources */,
				4D3524B0288A95C300EDF0E9 /* Main.storyboard in Resources */,
				4D3524CB288A9D7A00EDF0E9 /* HourlyCollectionViewCell.xib in Resources */,
				4DBE8524288FE52900814A19 /* DailyTableViewCell.xib in Resources */,
				4DBE85302890131500814A19 /* MainCurrentWeatherTableViewCell.xib in Resources */,
			);
			runOnlyForDeploymentPostprocessing = 0;
		};
/* End PBXResourcesBuildPhase section */

/* Begin PBXSourcesBuildPhase section */
		4D3524A1288A95C300EDF0E9 /* Sources */ = {
			isa = PBXSourcesBuildPhase;
			buildActionMask = 2147483647;
			files = (
				4DBE8529288FE6B300814A19 /* MainDailyTableViewCell.swift in Sources */,
				4D3524C5288A9BE000EDF0E9 /* APIManager.swift in Sources */,
				4DBE8523288FE52900814A19 /* DailyTableViewCell.swift in Sources */,
				4D3524AD288A95C300EDF0E9 /* MainViewController.swift in Sources */,
				4DBE851A288FE38800814A19 /* GeneralWeatherModel.swift in Sources */,
				4D3524D0288A9E2E00EDF0E9 /* MainHourlyTableViewCell.swift in Sources */,
				4D3524C7288A9D1700EDF0E9 /* MainViewController+Extension.swift in Sources */,
				4DBE8517288FE38800814A19 /* DailyWeatherModel.swift in Sources */,
				4D3524CD288A9DEE00EDF0E9 /* Int+Extension.swift in Sources */,
				4D3524C3288A9B7D00EDF0E9 /* WeatherManager.swift in Sources */,
				4D3524A9288A95C300EDF0E9 /* AppDelegate.swift in Sources */,
				4DBE852F2890131500814A19 /* MainCurrentWeatherTableViewCell.swift in Sources */,
				4D3524AB288A95C300EDF0E9 /* SceneDelegate.swift in Sources */,
				4D3524CA288A9D7A00EDF0E9 /* HourlyCollectionViewCell.swift in Sources */,
				4DBE8518288FE38800814A19 /* HourlyWeatherModel.swift in Sources */,
				4DBE8519288FE38800814A19 /* GeocodingModel.swift in Sources */,
			);
			runOnlyForDeploymentPostprocessing = 0;
		};
/* End PBXSourcesBuildPhase section */

/* Begin PBXVariantGroup section */
		4D3524AE288A95C300EDF0E9 /* Main.storyboard */ = {
			isa = PBXVariantGroup;
			children = (
				4D3524AF288A95C300EDF0E9 /* Base */,
			);
			name = Main.storyboard;
			sourceTree = "<group>";
		};
		4D3524B3288A95C500EDF0E9 /* LaunchScreen.storyboard */ = {
			isa = PBXVariantGroup;
			children = (
				4D3524B4288A95C500EDF0E9 /* Base */,
			);
			name = LaunchScreen.storyboard;
			sourceTree = "<group>";
		};
/* End PBXVariantGroup section */

/* Begin XCBuildConfiguration section */
		4D3524B7288A95C500EDF0E9 /* Debug */ = {
			isa = XCBuildConfiguration;
			buildSettings = {
				ALWAYS_SEARCH_USER_PATHS = NO;
				CLANG_ANALYZER_NONNULL = YES;
				CLANG_ANALYZER_NUMBER_OBJECT_CONVERSION = YES_AGGRESSIVE;
				CLANG_CXX_LANGUAGE_STANDARD = "gnu++17";
				CLANG_ENABLE_MODULES = YES;
				CLANG_ENABLE_OBJC_ARC = YES;
				CLANG_ENABLE_OBJC_WEAK = YES;
				CLANG_WARN_BLOCK_CAPTURE_AUTORELEASING = YES;
				CLANG_WARN_BOOL_CONVERSION = YES;
				CLANG_WARN_COMMA = YES;
				CLANG_WARN_CONSTANT_CONVERSION = YES;
				CLANG_WARN_DEPRECATED_OBJC_IMPLEMENTATIONS = YES;
				CLANG_WARN_DIRECT_OBJC_ISA_USAGE = YES_ERROR;
				CLANG_WARN_DOCUMENTATION_COMMENTS = YES;
				CLANG_WARN_EMPTY_BODY = YES;
				CLANG_WARN_ENUM_CONVERSION = YES;
				CLANG_WARN_INFINITE_RECURSION = YES;
				CLANG_WARN_INT_CONVERSION = YES;
				CLANG_WARN_NON_LITERAL_NULL_CONVERSION = YES;
				CLANG_WARN_OBJC_IMPLICIT_RETAIN_SELF = YES;
				CLANG_WARN_OBJC_LITERAL_CONVERSION = YES;
				CLANG_WARN_OBJC_ROOT_CLASS = YES_ERROR;
				CLANG_WARN_QUOTED_INCLUDE_IN_FRAMEWORK_HEADER = YES;
				CLANG_WARN_RANGE_LOOP_ANALYSIS = YES;
				CLANG_WARN_STRICT_PROTOTYPES = YES;
				CLANG_WARN_SUSPICIOUS_MOVE = YES;
				CLANG_WARN_UNGUARDED_AVAILABILITY = YES_AGGRESSIVE;
				CLANG_WARN_UNREACHABLE_CODE = YES;
				CLANG_WARN__DUPLICATE_METHOD_MATCH = YES;
				COPY_PHASE_STRIP = NO;
				DEBUG_INFORMATION_FORMAT = dwarf;
				ENABLE_STRICT_OBJC_MSGSEND = YES;
				ENABLE_TESTABILITY = YES;
				GCC_C_LANGUAGE_STANDARD = gnu11;
				GCC_DYNAMIC_NO_PIC = NO;
				GCC_NO_COMMON_BLOCKS = YES;
				GCC_OPTIMIZATION_LEVEL = 0;
				GCC_PREPROCESSOR_DEFINITIONS = (
					"DEBUG=1",
					"$(inherited)",
				);
				GCC_WARN_64_TO_32_BIT_CONVERSION = YES;
				GCC_WARN_ABOUT_RETURN_TYPE = YES_ERROR;
				GCC_WARN_UNDECLARED_SELECTOR = YES;
				GCC_WARN_UNINITIALIZED_AUTOS = YES_AGGRESSIVE;
				GCC_WARN_UNUSED_FUNCTION = YES;
				GCC_WARN_UNUSED_VARIABLE = YES;
				IPHONEOS_DEPLOYMENT_TARGET = 15.5;
				MTL_ENABLE_DEBUG_INFO = INCLUDE_SOURCE;
				MTL_FAST_MATH = YES;
				ONLY_ACTIVE_ARCH = YES;
				SDKROOT = iphoneos;
				SWIFT_ACTIVE_COMPILATION_CONDITIONS = DEBUG;
				SWIFT_OPTIMIZATION_LEVEL = "-Onone";
			};
			name = Debug;
		};
		4D3524B8288A95C500EDF0E9 /* Release */ = {
			isa = XCBuildConfiguration;
			buildSettings = {
				ALWAYS_SEARCH_USER_PATHS = NO;
				CLANG_ANALYZER_NONNULL = YES;
				CLANG_ANALYZER_NUMBER_OBJECT_CONVERSION = YES_AGGRESSIVE;
				CLANG_CXX_LANGUAGE_STANDARD = "gnu++17";
				CLANG_ENABLE_MODULES = YES;
				CLANG_ENABLE_OBJC_ARC = YES;
				CLANG_ENABLE_OBJC_WEAK = YES;
				CLANG_WARN_BLOCK_CAPTURE_AUTORELEASING = YES;
				CLANG_WARN_BOOL_CONVERSION = YES;
				CLANG_WARN_COMMA = YES;
				CLANG_WARN_CONSTANT_CONVERSION = YES;
				CLANG_WARN_DEPRECATED_OBJC_IMPLEMENTATIONS = YES;
				CLANG_WARN_DIRECT_OBJC_ISA_USAGE = YES_ERROR;
				CLANG_WARN_DOCUMENTATION_COMMENTS = YES;
				CLANG_WARN_EMPTY_BODY = YES;
				CLANG_WARN_ENUM_CONVERSION = YES;
				CLANG_WARN_INFINITE_RECURSION = YES;
				CLANG_WARN_INT_CONVERSION = YES;
				CLANG_WARN_NON_LITERAL_NULL_CONVERSION = YES;
				CLANG_WARN_OBJC_IMPLICIT_RETAIN_SELF = YES;
				CLANG_WARN_OBJC_LITERAL_CONVERSION = YES;
				CLANG_WARN_OBJC_ROOT_CLASS = YES_ERROR;
				CLANG_WARN_QUOTED_INCLUDE_IN_FRAMEWORK_HEADER = YES;
				CLANG_WARN_RANGE_LOOP_ANALYSIS = YES;
				CLANG_WARN_STRICT_PROTOTYPES = YES;
				CLANG_WARN_SUSPICIOUS_MOVE = YES;
				CLANG_WARN_UNGUARDED_AVAILABILITY = YES_AGGRESSIVE;
				CLANG_WARN_UNREACHABLE_CODE = YES;
				CLANG_WARN__DUPLICATE_METHOD_MATCH = YES;
				COPY_PHASE_STRIP = NO;
				DEBUG_INFORMATION_FORMAT = "dwarf-with-dsym";
				ENABLE_NS_ASSERTIONS = NO;
				ENABLE_STRICT_OBJC_MSGSEND = YES;
				GCC_C_LANGUAGE_STANDARD = gnu11;
				GCC_NO_COMMON_BLOCKS = YES;
				GCC_WARN_64_TO_32_BIT_CONVERSION = YES;
				GCC_WARN_ABOUT_RETURN_TYPE = YES_ERROR;
				GCC_WARN_UNDECLARED_SELECTOR = YES;
				GCC_WARN_UNINITIALIZED_AUTOS = YES_AGGRESSIVE;
				GCC_WARN_UNUSED_FUNCTION = YES;
				GCC_WARN_UNUSED_VARIABLE = YES;
				IPHONEOS_DEPLOYMENT_TARGET = 15.5;
				MTL_ENABLE_DEBUG_INFO = NO;
				MTL_FAST_MATH = YES;
				SDKROOT = iphoneos;
				SWIFT_COMPILATION_MODE = wholemodule;
				SWIFT_OPTIMIZATION_LEVEL = "-O";
				VALIDATE_PRODUCT = YES;
			};
			name = Release;
		};
		4D3524BA288A95C500EDF0E9 /* Debug */ = {
			isa = XCBuildConfiguration;
			buildSettings = {
				ASSETCATALOG_COMPILER_APPICON_NAME = AppIcon;
				ASSETCATALOG_COMPILER_GLOBAL_ACCENT_COLOR_NAME = AccentColor;
				CODE_SIGN_STYLE = Automatic;
				CURRENT_PROJECT_VERSION = 1;
				DEVELOPMENT_TEAM = 2Y2FRWV72Q;
				GENERATE_INFOPLIST_FILE = YES;
				INFOPLIST_FILE = EldarWeatherApp/Info.plist;
				INFOPLIST_KEY_UIApplicationSupportsIndirectInputEvents = YES;
				INFOPLIST_KEY_UILaunchStoryboardName = LaunchScreen;
				INFOPLIST_KEY_UIMainStoryboardFile = Main;
				INFOPLIST_KEY_UISupportedInterfaceOrientations_iPad = "UIInterfaceOrientationPortrait UIInterfaceOrientationPortraitUpsideDown UIInterfaceOrientationLandscapeLeft UIInterfaceOrientationLandscapeRight";
				INFOPLIST_KEY_UISupportedInterfaceOrientations_iPhone = "UIInterfaceOrientationPortrait UIInterfaceOrientationLandscapeLeft UIInterfaceOrientationLandscapeRight";
				LD_RUNPATH_SEARCH_PATHS = (
					"$(inherited)",
					"@executable_path/Frameworks",
				);
				MARKETING_VERSION = 1.0;
				PRODUCT_BUNDLE_IDENTIFIER = com.teachmeskills.i32.EldarWeatherApp;
				PRODUCT_NAME = "$(TARGET_NAME)";
				SWIFT_EMIT_LOC_STRINGS = YES;
				SWIFT_VERSION = 5.0;
				TARGETED_DEVICE_FAMILY = "1,2";
			};
			name = Debug;
		};
		4D3524BB288A95C500EDF0E9 /* Release */ = {
			isa = XCBuildConfiguration;
			buildSettings = {
				ASSETCATALOG_COMPILER_APPICON_NAME = AppIcon;
				ASSETCATALOG_COMPILER_GLOBAL_ACCENT_COLOR_NAME = AccentColor;
				CODE_SIGN_STYLE = Automatic;
				CURRENT_PROJECT_VERSION = 1;
				DEVELOPMENT_TEAM = 2Y2FRWV72Q;
				GENERATE_INFOPLIST_FILE = YES;
				INFOPLIST_FILE = EldarWeatherApp/Info.plist;
				INFOPLIST_KEY_UIApplicationSupportsIndirectInputEvents = YES;
				INFOPLIST_KEY_UILaunchStoryboardName = LaunchScreen;
				INFOPLIST_KEY_UIMainStoryboardFile = Main;
				INFOPLIST_KEY_UISupportedInterfaceOrientations_iPad = "UIInterfaceOrientationPortrait UIInterfaceOrientationPortraitUpsideDown UIInterfaceOrientationLandscapeLeft UIInterfaceOrientationLandscapeRight";
				INFOPLIST_KEY_UISupportedInterfaceOrientations_iPhone = "UIInterfaceOrientationPortrait UIInterfaceOrientationLandscapeLeft UIInterfaceOrientationLandscapeRight";
				LD_RUNPATH_SEARCH_PATHS = (
					"$(inherited)",
					"@executable_path/Frameworks",
				);
				MARKETING_VERSION = 1.0;
				PRODUCT_BUNDLE_IDENTIFIER = com.teachmeskills.i32.EldarWeatherApp;
				PRODUCT_NAME = "$(TARGET_NAME)";
				SWIFT_EMIT_LOC_STRINGS = YES;
				SWIFT_VERSION = 5.0;
				TARGETED_DEVICE_FAMILY = "1,2";
			};
			name = Release;
		};
/* End XCBuildConfiguration section */

/* Begin XCConfigurationList section */
		4D3524A0288A95C300EDF0E9 /* Build configuration list for PBXProject "EldarWeatherApp" */ = {
			isa = XCConfigurationList;
			buildConfigurations = (
				4D3524B7288A95C500EDF0E9 /* Debug */,
				4D3524B8288A95C500EDF0E9 /* Release */,
			);
			defaultConfigurationIsVisible = 0;
			defaultConfigurationName = Release;
		};
		4D3524B9288A95C500EDF0E9 /* Build configuration list for PBXNativeTarget "EldarWeatherApp" */ = {
			isa = XCConfigurationList;
			buildConfigurations = (
				4D3524BA288A95C500EDF0E9 /* Debug */,
				4D3524BB288A95C500EDF0E9 /* Release */,
			);
			defaultConfigurationIsVisible = 0;
			defaultConfigurationName = Release;
		};
/* End XCConfigurationList section */

/* Begin XCRemoteSwiftPackageReference section */
		4DB046BE288AA0A700583567 /* XCRemoteSwiftPackageReference "SnapKit" */ = {
			isa = XCRemoteSwiftPackageReference;
			repositoryURL = "https://github.com/SnapKit/SnapKit.git";
			requirement = {
				kind = upToNextMajorVersion;
				minimumVersion = 5.0.0;
			};
		};
/* End XCRemoteSwiftPackageReference section */

/* Begin XCSwiftPackageProductDependency section */
		4DB046BF288AA0A700583567 /* SnapKit */ = {
			isa = XCSwiftPackageProductDependency;
			package = 4DB046BE288AA0A700583567 /* XCRemoteSwiftPackageReference "SnapKit" */;
			productName = SnapKit;
		};
/* End XCSwiftPackageProductDependency section */
	};
	rootObject = 4D35249D288A95C300EDF0E9 /* Project object */;
}
